
Microsoft Visual Studio Solution File, Format Version 12.00
# Visual Studio Version 16
VisualStudioVersion = 16.0.29806.167
MinimumVisualStudioVersion = 10.0.40219.1
Project("{8BC9CEB8-8B4A-11D0-8D11-00A0C91BC942}") = "Ex2", "Ex2.vcxproj", "{E22F4F56-102C-4318-A0E2-4DC8151B5A06}"
EndProject
Global
	GlobalSection(SolutionConfigurationPlatforms) = preSolution
		Debug|x64 = Debug|x64
		Debug|x86 = Debug|x86
		Release|x64 = Release|x64
		Release|x86 = Release|x86
	EndGlobalSection
	GlobalSection(ProjectConfigurationPlatforms) = postSolution
		{E22F4F56-102C-4318-A0E2-4DC8151B5A06}.Debug|x64.ActiveCfg = Debug|x64
		{E22F4F56-102C-4318-A0E2-4DC8151B5A06}.Debug|x64.Build.0 = Debug|x64
		{E22F4F56-102C-4318-A0E2-4DC8151B5A06}.Debug|x86.ActiveCfg = Debug|Win32
		{E22F4F56-102C-4318-A0E2-4DC8151B5A06}.Debug|x86.Build.0 = Debug|Win32
		{E22F4F56-102C-4318-A0E2-4DC8151B5A06}.Release|x64.ActiveCfg = Release|x64
		{E22F4F56-102C-4318-A0E2-4DC8151B5A06}.Release|x64.Build.0 = Release|x64
		{E22F4F56-102C-4318-A0E2-4DC8151B5A06}.Release|x86.ActiveCfg = Release|Win32
		{E22F4F56-102C-4318-A0E2-4DC8151B5A06}.Release|x86.Build.0 = Release|Win32
	EndGlobalSection
	GlobalSection(SolutionProperties) = preSolution
		HideSolutionNode = FALSE
	EndGlobalSection
	GlobalSection(ExtensibilityGlobals) = postSolution
		SolutionGuid = {32B5280B-6DDF-4FE4-A2DF-3C5BD49B5AE8}
	EndGlobalSection
EndGlobal
